
Microsoft Visual Studio Solution File, Format Version 12.00
# Visual Studio Version 17
VisualStudioVersion = 17.4.33205.214
MinimumVisualStudioVersion = 10.0.40219.1
Project("{FAE04EC0-301F-11D3-BF4B-00C04F79EFBC}") = "nltx_tool", "nltx_tool.csproj", "{F037CCE4-A528-431A-8E9B-031845781C64}"
EndProject
Global
	GlobalSection(SolutionConfigurationPlatforms) = preSolution
		Debug|Any CPU = Debug|Any CPU
		Release|Any CPU = Release|Any CPU
	EndGlobalSection
	GlobalSection(ProjectConfigurationPlatforms) = postSolution
		{F037CCE4-A528-431A-8E9B-031845781C64}.Debug|Any CPU.ActiveCfg = Debug|Any CPU
		{F037CCE4-A528-431A-8E9B-031845781C64}.Debug|Any CPU.Build.0 = Debug|Any CPU
		{F037CCE4-A528-431A-8E9B-031845781C64}.Release|Any CPU.ActiveCfg = Release|Any CPU
		{F037CCE4-A528-431A-8E9B-031845781C64}.Release|Any CPU.Build.0 = Release|Any CPU
	EndGlobalSection
	GlobalSection(SolutionProperties) = preSolution
		HideSolutionNode = FALSE
	EndGlobalSection
	GlobalSection(ExtensibilityGlobals) = postSolution
		SolutionGuid = {877C02A0-1ABD-4A29-ACAD-2183CA0B50CA}
	EndGlobalSection
EndGlobal
